
Microsoft Visual Studio Solution File, Format Version 12.00
# Visual Studio Version 16
VisualStudioVersion = 16.0.29209.62
MinimumVisualStudioVersion = 10.0.40219.1
Project("{888888A0-9F3D-457C-B088-3A5042F75D52}") = "HearthstoneBattlegroundSimulator", "HearthstoneBattlegroundSimulator.pyproj", "{6C76CBD3-D344-40D9-B77F-0DC77249D10B}"
EndProject
Global
	GlobalSection(SolutionConfigurationPlatforms) = preSolution
		Debug|Any CPU = Debug|Any CPU
		Release|Any CPU = Release|Any CPU
	EndGlobalSection
	GlobalSection(ProjectConfigurationPlatforms) = postSolution
		{6C76CBD3-D344-40D9-B77F-0DC77249D10B}.Debug|Any CPU.ActiveCfg = Debug|Any CPU
		{6C76CBD3-D344-40D9-B77F-0DC77249D10B}.Release|Any CPU.ActiveCfg = Release|Any CPU
	EndGlobalSection
	GlobalSection(SolutionProperties) = preSolution
		HideSolutionNode = FALSE
	EndGlobalSection
	GlobalSection(ExtensibilityGlobals) = postSolution
		SolutionGuid = {E4D0C2F0-A24A-4181-ADB9-ED4BA8E9F844}
	EndGlobalSection
EndGlobal
